
Microsoft Visual Studio Solution File, Format Version 12.00
# Visual Studio Version 17
VisualStudioVersion = 17.0.31710.8
MinimumVisualStudioVersion = 10.0.40219.1
Project("{2150E333-8FDC-42A3-9474-1A3956D46DE8}") = "Solution Items", "Solution Items", "{EFC16843-DFA0-4793-BA7B-C73C5EC40C7D}"
	ProjectSection(SolutionItems) = preProject
		.editorconfig = .editorconfig
	EndProjectSection
EndProject
Project("{9A19103F-16F7-4668-BE54-9A1E7A4F7556}") = "ChatModApp.Shared", "ChatModApp.Shared\ChatModApp.Shared.csproj", "{E7427D1C-E2FF-417A-9EF4-72F096727C73}"
EndProject
Project("{9A19103F-16F7-4668-BE54-9A1E7A4F7556}") = "ChatModApp.Avalonia", "ChatModApp.Avalonia\ChatModApp.Avalonia.csproj", "{DEBD9888-90FE-4D41-A90E-4D26BA489E13}"
EndProject
Project("{9A19103F-16F7-4668-BE54-9A1E7A4F7556}") = "AvaloniaGif", "AvaloniaGif\AvaloniaGif.csproj", "{703EEBBB-BA3F-4BBB-9035-DEE5ED168162}"
EndProject
Project("{2150E333-8FDC-42A3-9474-1A3956D46DE8}") = "TwitchLib", "TwitchLib", "{D6805D5D-8795-4D83-A583-71A6BDD2D1AF}"
EndProject
Project("{9A19103F-16F7-4668-BE54-9A1E7A4F7556}") = "TwitchLib.Client.Models", "TwitchLib\TwitchLib.Client\TwitchLib.Client.Models\TwitchLib.Client.Models.csproj", "{47295979-AAAC-40E1-AA07-3D1481D27D25}"
EndProject
Project("{9A19103F-16F7-4668-BE54-9A1E7A4F7556}") = "TwitchLib.Client.Enums", "TwitchLib\TwitchLib.Client\TwitchLib.Client.Enums\TwitchLib.Client.Enums.csproj", "{ECC6AD01-153C-4DCA-AF30-50DF3086DB93}"
EndProject
Project("{9A19103F-16F7-4668-BE54-9A1E7A4F7556}") = "TwitchLib.Client", "TwitchLib\TwitchLib.Client\TwitchLib.Client\TwitchLib.Client.csproj", "{A3518849-7259-4743-9A9D-23BA4DDA578C}"
EndProject
Global
	GlobalSection(SolutionConfigurationPlatforms) = preSolution
		Debug|Any CPU = Debug|Any CPU
		Debug|ARM = Debug|ARM
		Debug|arm64 = Debug|arm64
		Debug|x64 = Debug|x64
		Debug|x86 = Debug|x86
		DebugNative|Any CPU = DebugNative|Any CPU
		DebugNative|ARM = DebugNative|ARM
		DebugNative|arm64 = DebugNative|arm64
		DebugNative|x64 = DebugNative|x64
		DebugNative|x86 = DebugNative|x86
		Release|Any CPU = Release|Any CPU
		Release|ARM = Release|ARM
		Release|arm64 = Release|arm64
		Release|x64 = Release|x64
		Release|x86 = Release|x86
	EndGlobalSection
	GlobalSection(ProjectConfigurationPlatforms) = postSolution
		{E7427D1C-E2FF-417A-9EF4-72F096727C73}.Debug|Any CPU.ActiveCfg = Debug|Any CPU
		{E7427D1C-E2FF-417A-9EF4-72F096727C73}.Debug|Any CPU.Build.0 = Debug|Any CPU
		{E7427D1C-E2FF-417A-9EF4-72F096727C73}.Debug|ARM.ActiveCfg = Debug|Any CPU
		{E7427D1C-E2FF-417A-9EF4-72F096727C73}.Debug|ARM.Build.0 = Debug|Any CPU
		{E7427D1C-E2FF-417A-9EF4-72F096727C73}.Debug|arm64.ActiveCfg = Debug|Any CPU
		{E7427D1C-E2FF-417A-9EF4-72F096727C73}.Debug|arm64.Build.0 = Debug|Any CPU
		{E7427D1C-E2FF-417A-9EF4-72F096727C73}.Debug|x64.ActiveCfg = Debug|Any CPU
		{E7427D1C-E2FF-417A-9EF4-72F096727C73}.Debug|x64.Build.0 = Debug|Any CPU
		{E7427D1C-E2FF-417A-9EF4-72F096727C73}.Debug|x86.ActiveCfg = Debug|Any CPU
		{E7427D1C-E2FF-417A-9EF4-72F096727C73}.Debug|x86.Build.0 = Debug|Any CPU
		{E7427D1C-E2FF-417A-9EF4-72F096727C73}.DebugNative|Any CPU.ActiveCfg = Debug|Any CPU
		{E7427D1C-E2FF-417A-9EF4-72F096727C73}.DebugNative|Any CPU.Build.0 = Debug|Any CPU
		{E7427D1C-E2FF-417A-9EF4-72F096727C73}.DebugNative|ARM.ActiveCfg = Debug|Any CPU
		{E7427D1C-E2FF-417A-9EF4-72F096727C73}.DebugNative|ARM.Build.0 = Debug|Any CPU
		{E7427D1C-E2FF-417A-9EF4-72F096727C73}.DebugNative|arm64.ActiveCfg = Debug|Any CPU
		{E7427D1C-E2FF-417A-9EF4-72F096727C73}.DebugNative|arm64.Build.0 = Debug|Any CPU
		{E7427D1C-E2FF-417A-9EF4-72F096727C73}.DebugNative|x64.ActiveCfg = Debug|Any CPU
		{E7427D1C-E2FF-417A-9EF4-72F096727C73}.DebugNative|x64.Build.0 = Debug|Any CPU
		{E7427D1C-E2FF-417A-9EF4-72F096727C73}.DebugNative|x86.ActiveCfg = Debug|Any CPU
		{E7427D1C-E2FF-417A-9EF4-72F096727C73}.DebugNative|x86.Build.0 = Debug|Any CPU
		{E7427D1C-E2FF-417A-9EF4-72F096727C73}.Release|Any CPU.ActiveCfg = Release|Any CPU
		{E7427D1C-E2FF-417A-9EF4-72F096727C73}.Release|Any CPU.Build.0 = Release|Any CPU
		{E7427D1C-E2FF-417A-9EF4-72F096727C73}.Release|ARM.ActiveCfg = Release|Any CPU
		{E7427D1C-E2FF-417A-9EF4-72F096727C73}.Release|ARM.Build.0 = Release|Any CPU
		{E7427D1C-E2FF-417A-9EF4-72F096727C73}.Release|arm64.ActiveCfg = Release|Any CPU
		{E7427D1C-E2FF-417A-9EF4-72F096727C73}.Release|arm64.Build.0 = Release|Any CPU
		{E7427D1C-E2FF-417A-9EF4-72F096727C73}.Release|x64.ActiveCfg = Release|Any CPU
		{E7427D1C-E2FF-417A-9EF4-72F096727C73}.Release|x64.Build.0 = Release|Any CPU
		{E7427D1C-E2FF-417A-9EF4-72F096727C73}.Release|x86.ActiveCfg = Release|Any CPU
		{E7427D1C-E2FF-417A-9EF4-72F096727C73}.Release|x86.Build.0 = Release|Any CPU
		{DEBD9888-90FE-4D41-A90E-4D26BA489E13}.Debug|Any CPU.ActiveCfg = Debug|Any CPU
		{DEBD9888-90FE-4D41-A90E-4D26BA489E13}.Debug|Any CPU.Build.0 = Debug|Any CPU
		{DEBD9888-90FE-4D41-A90E-4D26BA489E13}.Debug|ARM.ActiveCfg = Debug|Any CPU
		{DEBD9888-90FE-4D41-A90E-4D26BA489E13}.Debug|ARM.Build.0 = Debug|Any CPU
		{DEBD9888-90FE-4D41-A90E-4D26BA489E13}.Debug|arm64.ActiveCfg = Debug|Any CPU
		{DEBD9888-90FE-4D41-A90E-4D26BA489E13}.Debug|arm64.Build.0 = Debug|Any CPU
		{DEBD9888-90FE-4D41-A90E-4D26BA489E13}.Debug|x64.ActiveCfg = Debug|Any CPU
		{DEBD9888-90FE-4D41-A90E-4D26BA489E13}.Debug|x64.Build.0 = Debug|Any CPU
		{DEBD9888-90FE-4D41-A90E-4D26BA489E13}.Debug|x86.ActiveCfg = Debug|Any CPU
		{DEBD9888-90FE-4D41-A90E-4D26BA489E13}.Debug|x86.Build.0 = Debug|Any CPU
		{DEBD9888-90FE-4D41-A90E-4D26BA489E13}.DebugNative|Any CPU.ActiveCfg = Debug|Any CPU
		{DEBD9888-90FE-4D41-A90E-4D26BA489E13}.DebugNative|Any CPU.Build.0 = Debug|Any CPU
		{DEBD9888-90FE-4D41-A90E-4D26BA489E13}.DebugNative|ARM.ActiveCfg = Debug|Any CPU
		{DEBD9888-90FE-4D41-A90E-4D26BA489E13}.DebugNative|ARM.Build.0 = Debug|Any CPU
		{DEBD9888-90FE-4D41-A90E-4D26BA489E13}.DebugNative|arm64.ActiveCfg = Debug|Any CPU
		{DEBD9888-90FE-4D41-A90E-4D26BA489E13}.DebugNative|arm64.Build.0 = Debug|Any CPU
		{DEBD9888-90FE-4D41-A90E-4D26BA489E13}.DebugNative|x64.ActiveCfg = Debug|Any CPU
		{DEBD9888-90FE-4D41-A90E-4D26BA489E13}.DebugNative|x64.Build.0 = Debug|Any CPU
		{DEBD9888-90FE-4D41-A90E-4D26BA489E13}.DebugNative|x86.ActiveCfg = Debug|Any CPU
		{DEBD9888-90FE-4D41-A90E-4D26BA489E13}.DebugNative|x86.Build.0 = Debug|Any CPU
		{DEBD9888-90FE-4D41-A90E-4D26BA489E13}.Release|Any CPU.ActiveCfg = Release|Any CPU
		{DEBD9888-90FE-4D41-A90E-4D26BA489E13}.Release|Any CPU.Build.0 = Release|Any CPU
		{DEBD9888-90FE-4D41-A90E-4D26BA489E13}.Release|ARM.ActiveCfg = Release|Any CPU
		{DEBD9888-90FE-4D41-A90E-4D26BA489E13}.Release|ARM.Build.0 = Release|Any CPU
		{DEBD9888-90FE-4D41-A90E-4D26BA489E13}.Release|arm64.ActiveCfg = Release|Any CPU
		{DEBD9888-90FE-4D41-A90E-4D26BA489E13}.Release|arm64.Build.0 = Release|Any CPU
		{DEBD9888-90FE-4D41-A90E-4D26BA489E13}.Release|x64.ActiveCfg = Release|Any CPU
		{DEBD9888-90FE-4D41-A90E-4D26BA489E13}.Release|x64.Build.0 = Release|Any CPU
		{DEBD9888-90FE-4D41-A90E-4D26BA489E13}.Release|x86.ActiveCfg = Release|Any CPU
		{DEBD9888-90FE-4D41-A90E-4D26BA489E13}.Release|x86.Build.0 = Release|Any CPU
		{703EEBBB-BA3F-4BBB-9035-DEE5ED168162}.Debug|Any CPU.ActiveCfg = Debug|Any CPU
		{703EEBBB-BA3F-4BBB-9035-DEE5ED168162}.Debug|Any CPU.Build.0 = Debug|Any CPU
		{703EEBBB-BA3F-4BBB-9035-DEE5ED168162}.Debug|ARM.ActiveCfg = Debug|Any CPU
		{703EEBBB-BA3F-4BBB-9035-DEE5ED168162}.Debug|ARM.Build.0 = Debug|Any CPU
		{703EEBBB-BA3F-4BBB-9035-DEE5ED168162}.Debug|arm64.ActiveCfg = Debug|Any CPU
		{703EEBBB-BA3F-4BBB-9035-DEE5ED168162}.Debug|arm64.Build.0 = Debug|Any CPU
		{703EEBBB-BA3F-4BBB-9035-DEE5ED168162}.Debug|x64.ActiveCfg = Debug|Any CPU
		{703EEBBB-BA3F-4BBB-9035-DEE5ED168162}.Debug|x64.Build.0 = Debug|Any CPU
		{703EEBBB-BA3F-4BBB-9035-DEE5ED168162}.Debug|x86.ActiveCfg = Debug|Any CPU
		{703EEBBB-BA3F-4BBB-9035-DEE5ED168162}.Debug|x86.Build.0 = Debug|Any CPU
		{703EEBBB-BA3F-4BBB-9035-DEE5ED168162}.DebugNative|Any CPU.ActiveCfg = Debug|Any CPU
		{703EEBBB-BA3F-4BBB-9035-DEE5ED168162}.DebugNative|Any CPU.Build.0 = Debug|Any CPU
		{703EEBBB-BA3F-4BBB-9035-DEE5ED168162}.DebugNative|ARM.ActiveCfg = Debug|Any CPU
		{703EEBBB-BA3F-4BBB-9035-DEE5ED168162}.DebugNative|ARM.Build.0 = Debug|Any CPU
		{703EEBBB-BA3F-4BBB-9035-DEE5ED168162}.DebugNative|arm64.ActiveCfg = Debug|Any CPU
		{703EEBBB-BA3F-4BBB-9035-DEE5ED168162}.DebugNative|arm64.Build.0 = Debug|Any CPU
		{703EEBBB-BA3F-4BBB-9035-DEE5ED168162}.DebugNative|x64.ActiveCfg = Debug|Any CPU
		{703EEBBB-BA3F-4BBB-9035-DEE5ED168162}.DebugNative|x64.Build.0 = Debug|Any CPU
		{703EEBBB-BA3F-4BBB-9035-DEE5ED168162}.DebugNative|x86.ActiveCfg = Debug|Any CPU
		{703EEBBB-BA3F-4BBB-9035-DEE5ED168162}.DebugNative|x86.Build.0 = Debug|Any CPU
		{703EEBBB-BA3F-4BBB-9035-DEE5ED168162}.Release|Any CPU.ActiveCfg = Release|Any CPU
		{703EEBBB-BA3F-4BBB-9035-DEE5ED168162}.Release|Any CPU.Build.0 = Release|Any CPU
		{703EEBBB-BA3F-4BBB-9035-DEE5ED168162}.Release|ARM.ActiveCfg = Release|Any CPU
		{703EEBBB-BA3F-4BBB-9035-DEE5ED168162}.Release|ARM.Build.0 = Release|Any CPU
		{703EEBBB-BA3F-4BBB-9035-DEE5ED168162}.Release|arm64.ActiveCfg = Release|Any CPU
		{703EEBBB-BA3F-4BBB-9035-DEE5ED168162}.Release|arm64.Build.0 = Release|Any CPU
		{703EEBBB-BA3F-4BBB-9035-DEE5ED168162}.Release|x64.ActiveCfg = Release|Any CPU
		{703EEBBB-BA3F-4BBB-9035-DEE5ED168162}.Release|x64.Build.0 = Release|Any CPU
		{703EEBBB-BA3F-4BBB-9035-DEE5ED168162}.Release|x86.ActiveCfg = Release|Any CPU
		{703EEBBB-BA3F-4BBB-9035-DEE5ED168162}.Release|x86.Build.0 = Release|Any CPU
		{47295979-AAAC-40E1-AA07-3D1481D27D25}.Debug|Any CPU.ActiveCfg = Debug|Any CPU
		{47295979-AAAC-40E1-AA07-3D1481D27D25}.Debug|Any CPU.Build.0 = Debug|Any CPU
		{47295979-AAAC-40E1-AA07-3D1481D27D25}.Debug|ARM.ActiveCfg = Debug|Any CPU
		{47295979-AAAC-40E1-AA07-3D1481D27D25}.Debug|ARM.Build.0 = Debug|Any CPU
		{47295979-AAAC-40E1-AA07-3D1481D27D25}.Debug|arm64.ActiveCfg = Debug|Any CPU
		{47295979-AAAC-40E1-AA07-3D1481D27D25}.Debug|arm64.Build.0 = Debug|Any CPU
		{47295979-AAAC-40E1-AA07-3D1481D27D25}.Debug|x64.ActiveCfg = Debug|Any CPU
		{47295979-AAAC-40E1-AA07-3D1481D27D25}.Debug|x64.Build.0 = Debug|Any CPU
		{47295979-AAAC-40E1-AA07-3D1481D27D25}.Debug|x86.ActiveCfg = Debug|Any CPU
		{47295979-AAAC-40E1-AA07-3D1481D27D25}.Debug|x86.Build.0 = Debug|Any CPU
		{47295979-AAAC-40E1-AA07-3D1481D27D25}.DebugNative|Any CPU.ActiveCfg = Debug|Any CPU
		{47295979-AAAC-40E1-AA07-3D1481D27D25}.DebugNative|Any CPU.Build.0 = Debug|Any CPU
		{47295979-AAAC-40E1-AA07-3D1481D27D25}.DebugNative|ARM.ActiveCfg = Debug|Any CPU
		{47295979-AAAC-40E1-AA07-3D1481D27D25}.DebugNative|ARM.Build.0 = Debug|Any CPU
		{47295979-AAAC-40E1-AA07-3D1481D27D25}.DebugNative|arm64.ActiveCfg = Debug|Any CPU
		{47295979-AAAC-40E1-AA07-3D1481D27D25}.DebugNative|arm64.Build.0 = Debug|Any CPU
		{47295979-AAAC-40E1-AA07-3D1481D27D25}.DebugNative|x64.ActiveCfg = Debug|Any CPU
		{47295979-AAAC-40E1-AA07-3D1481D27D25}.DebugNative|x64.Build.0 = Debug|Any CPU
		{47295979-AAAC-40E1-AA07-3D1481D27D25}.DebugNative|x86.ActiveCfg = Debug|Any CPU
		{47295979-AAAC-40E1-AA07-3D1481D27D25}.DebugNative|x86.Build.0 = Debug|Any CPU
		{47295979-AAAC-40E1-AA07-3D1481D27D25}.Release|Any CPU.ActiveCfg = Release|Any CPU
		{47295979-AAAC-40E1-AA07-3D1481D27D25}.Release|Any CPU.Build.0 = Release|Any CPU
		{47295979-AAAC-40E1-AA07-3D1481D27D25}.Release|ARM.ActiveCfg = Release|Any CPU
		{47295979-AAAC-40E1-AA07-3D1481D27D25}.Release|ARM.Build.0 = Release|Any CPU
		{47295979-AAAC-40E1-AA07-3D1481D27D25}.Release|arm64.ActiveCfg = Release|Any CPU
		{47295979-AAAC-40E1-AA07-3D1481D27D25}.Release|arm64.Build.0 = Release|Any CPU
		{47295979-AAAC-40E1-AA07-3D1481D27D25}.Release|x64.ActiveCfg = Release|Any CPU
		{47295979-AAAC-40E1-AA07-3D1481D27D25}.Release|x64.Build.0 = Release|Any CPU
		{47295979-AAAC-40E1-AA07-3D1481D27D25}.Release|x86.ActiveCfg = Release|Any CPU
		{47295979-AAAC-40E1-AA07-3D1481D27D25}.Release|x86.Build.0 = Release|Any CPU
		{ECC6AD01-153C-4DCA-AF30-50DF3086DB93}.Debug|Any CPU.ActiveCfg = Debug|Any CPU
		{ECC6AD01-153C-4DCA-AF30-50DF3086DB93}.Debug|Any CPU.Build.0 = Debug|Any CPU
		{ECC6AD01-153C-4DCA-AF30-50DF3086DB93}.Debug|ARM.ActiveCfg = Debug|Any CPU
		{ECC6AD01-153C-4DCA-AF30-50DF3086DB93}.Debug|ARM.Build.0 = Debug|Any CPU
		{ECC6AD01-153C-4DCA-AF30-50DF3086DB93}.Debug|arm64.ActiveCfg = Debug|Any CPU
		{ECC6AD01-153C-4DCA-AF30-50DF3086DB93}.Debug|arm64.Build.0 = Debug|Any CPU
		{ECC6AD01-153C-4DCA-AF30-50DF3086DB93}.Debug|x64.ActiveCfg = Debug|Any CPU
		{ECC6AD01-153C-4DCA-AF30-50DF3086DB93}.Debug|x64.Build.0 = Debug|Any CPU
		{ECC6AD01-153C-4DCA-AF30-50DF3086DB93}.Debug|x86.ActiveCfg = Debug|Any CPU
		{ECC6AD01-153C-4DCA-AF30-50DF3086DB93}.Debug|x86.Build.0 = Debug|Any CPU
		{ECC6AD01-153C-4DCA-AF30-50DF3086DB93}.DebugNative|Any CPU.ActiveCfg = Debug|Any CPU
		{ECC6AD01-153C-4DCA-AF30-50DF3086DB93}.DebugNative|Any CPU.Build.0 = Debug|Any CPU
		{ECC6AD01-153C-4DCA-AF30-50DF3086DB93}.DebugNative|ARM.ActiveCfg = Debug|Any CPU
		{ECC6AD01-153C-4DCA-AF30-50DF3086DB93}.DebugNative|ARM.Build.0 = Debug|Any CPU
		{ECC6AD01-153C-4DCA-AF30-50DF3086DB93}.DebugNative|arm64.ActiveCfg = Debug|Any CPU
		{ECC6AD01-153C-4DCA-AF30-50DF3086DB93}.DebugNative|arm64.Build.0 = Debug|Any CPU
		{ECC6AD01-153C-4DCA-AF30-50DF3086DB93}.DebugNative|x64.ActiveCfg = Debug|Any CPU
		{ECC6AD01-153C-4DCA-AF30-50DF3086DB93}.DebugNative|x64.Build.0 = Debug|Any CPU
		{ECC6AD01-153C-4DCA-AF30-50DF3086DB93}.DebugNative|x86.ActiveCfg = Debug|Any CPU
		{ECC6AD01-153C-4DCA-AF30-50DF3086DB93}.DebugNative|x86.Build.0 = Debug|Any CPU
		{ECC6AD01-153C-4DCA-AF30-50DF3086DB93}.Release|Any CPU.ActiveCfg = Release|Any CPU
		{ECC6AD01-153C-4DCA-AF30-50DF3086DB93}.Release|Any CPU.Build.0 = Release|Any CPU
		{ECC6AD01-153C-4DCA-AF30-50DF3086DB93}.Release|ARM.ActiveCfg = Release|Any CPU
		{ECC6AD01-153C-4DCA-AF30-50DF3086DB93}.Release|ARM.Build.0 = Release|Any CPU
		{ECC6AD01-153C-4DCA-AF30-50DF3086DB93}.Release|arm64.ActiveCfg = Release|Any CPU
		{ECC6AD01-153C-4DCA-AF30-50DF3086DB93}.Release|arm64.Build.0 = Release|Any CPU
		{ECC6AD01-153C-4DCA-AF30-50DF3086DB93}.Release|x64.ActiveCfg = Release|Any CPU
		{ECC6AD01-153C-4DCA-AF30-50DF3086DB93}.Release|x64.Build.0 = Release|Any CPU
		{ECC6AD01-153C-4DCA-AF30-50DF3086DB93}.Release|x86.ActiveCfg = Release|Any CPU
		{ECC6AD01-153C-4DCA-AF30-50DF3086DB93}.Release|x86.Build.0 = Release|Any CPU
		{A3518849-7259-4743-9A9D-23BA4DDA578C}.Debug|Any CPU.ActiveCfg = Debug|Any CPU
		{A3518849-7259-4743-9A9D-23BA4DDA578C}.Debug|Any CPU.Build.0 = Debug|Any CPU
		{A3518849-7259-4743-9A9D-23BA4DDA578C}.Debug|ARM.ActiveCfg = Debug|Any CPU
		{A3518849-7259-4743-9A9D-23BA4DDA578C}.Debug|ARM.Build.0 = Debug|Any CPU
		{A3518849-7259-4743-9A9D-23BA4DDA578C}.Debug|arm64.ActiveCfg = Debug|Any CPU
		{A3518849-7259-4743-9A9D-23BA4DDA578C}.Debug|arm64.Build.0 = Debug|Any CPU
		{A3518849-7259-4743-9A9D-23BA4DDA578C}.Debug|x64.ActiveCfg = Debug|Any CPU
		{A3518849-7259-4743-9A9D-23BA4DDA578C}.Debug|x64.Build.0 = Debug|Any CPU
		{A3518849-7259-4743-9A9D-23BA4DDA578C}.Debug|x86.ActiveCfg = Debug|Any CPU
		{A3518849-7259-4743-9A9D-23BA4DDA578C}.Debug|x86.Build.0 = Debug|Any CPU
		{A3518849-7259-4743-9A9D-23BA4DDA578C}.DebugNative|Any CPU.ActiveCfg = Debug|Any CPU
		{A3518849-7259-4743-9A9D-23BA4DDA578C}.DebugNative|Any CPU.Build.0 = Debug|Any CPU
		{A3518849-7259-4743-9A9D-23BA4DDA578C}.DebugNative|ARM.ActiveCfg = Debug|Any CPU
		{A3518849-7259-4743-9A9D-23BA4DDA578C}.DebugNative|ARM.Build.0 = Debug|Any CPU
		{A3518849-7259-4743-9A9D-23BA4DDA578C}.DebugNative|arm64.ActiveCfg = Debug|Any CPU
		{A3518849-7259-4743-9A9D-23BA4DDA578C}.DebugNative|arm64.Build.0 = Debug|Any CPU
		{A3518849-7259-4743-9A9D-23BA4DDA578C}.DebugNative|x64.ActiveCfg = Debug|Any CPU
		{A3518849-7259-4743-9A9D-23BA4DDA578C}.DebugNative|x64.Build.0 = Debug|Any CPU
		{A3518849-7259-4743-9A9D-23BA4DDA578C}.DebugNative|x86.ActiveCfg = Debug|Any CPU
		{A3518849-7259-4743-9A9D-23BA4DDA578C}.DebugNative|x86.Build.0 = Debug|Any CPU
		{A3518849-7259-4743-9A9D-23BA4DDA578C}.Release|Any CPU.ActiveCfg = Release|Any CPU
		{A3518849-7259-4743-9A9D-23BA4DDA578C}.Release|Any CPU.Build.0 = Release|Any CPU
		{A3518849-7259-4743-9A9D-23BA4DDA578C}.Release|ARM.ActiveCfg = Release|Any CPU
		{A3518849-7259-4743-9A9D-23BA4DDA578C}.Release|ARM.Build.0 = Release|Any CPU
		{A3518849-7259-4743-9A9D-23BA4DDA578C}.Release|arm64.ActiveCfg = Release|Any CPU
		{A3518849-7259-4743-9A9D-23BA4DDA578C}.Release|arm64.Build.0 = Release|Any CPU
		{A3518849-7259-4743-9A9D-23BA4DDA578C}.Release|x64.ActiveCfg = Release|Any CPU
		{A3518849-7259-4743-9A9D-23BA4DDA578C}.Release|x64.Build.0 = Release|Any CPU
		{A3518849-7259-4743-9A9D-23BA4DDA578C}.Release|x86.ActiveCfg = Release|Any CPU
		{A3518849-7259-4743-9A9D-23BA4DDA578C}.Release|x86.Build.0 = Release|Any CPU
	EndGlobalSection
	GlobalSection(SolutionProperties) = preSolution
		HideSolutionNode = FALSE
	EndGlobalSection
	GlobalSection(NestedProjects) = preSolution
		{47295979-AAAC-40E1-AA07-3D1481D27D25} = {D6805D5D-8795-4D83-A583-71A6BDD2D1AF}
		{ECC6AD01-153C-4DCA-AF30-50DF3086DB93} = {D6805D5D-8795-4D83-A583-71A6BDD2D1AF}
		{A3518849-7259-4743-9A9D-23BA4DDA578C} = {D6805D5D-8795-4D83-A583-71A6BDD2D1AF}
	EndGlobalSection
	GlobalSection(ExtensibilityGlobals) = postSolution
		SolutionGuid = {E227BA86-8530-487E-8602-E66C7DF408D6}
	EndGlobalSection
EndGlobal
